
Microsoft Visual Studio Solution File, Format Version 12.00
# Visual Studio Version 17
VisualStudioVersion = 17.0.31912.275
MinimumVisualStudioVersion = 10.0.40219.1
Project("{FAE04EC0-301F-11D3-BF4B-00C04F79EFBC}") = "TestSaganenko", "TestSaganenko\TestSaganenko.csproj", "{90377ACC-D9F2-4EA0-9437-3E66B0CA7B55}"
EndProject
Global
	GlobalSection(SolutionConfigurationPlatforms) = preSolution
		Debug|Any CPU = Debug|Any CPU
		Release|Any CPU = Release|Any CPU
	EndGlobalSection
	GlobalSection(ProjectConfigurationPlatforms) = postSolution
		{90377ACC-D9F2-4EA0-9437-3E66B0CA7B55}.Debug|Any CPU.ActiveCfg = Debug|Any CPU
		{90377ACC-D9F2-4EA0-9437-3E66B0CA7B55}.Debug|Any CPU.Build.0 = Debug|Any CPU
		{90377ACC-D9F2-4EA0-9437-3E66B0CA7B55}.Release|Any CPU.ActiveCfg = Release|Any CPU
		{90377ACC-D9F2-4EA0-9437-3E66B0CA7B55}.Release|Any CPU.Build.0 = Release|Any CPU
	EndGlobalSection
	GlobalSection(SolutionProperties) = preSolution
		HideSolutionNode = FALSE
	EndGlobalSection
	GlobalSection(ExtensibilityGlobals) = postSolution
		SolutionGuid = {E8023AB5-7C1F-4B51-A8C4-7431220515E9}
	EndGlobalSection
EndGlobal
